
Microsoft Visual Studio Solution File, Format Version 12.00
# Visual Studio Version 17
VisualStudioVersion = 17.12.35527.113
MinimumVisualStudioVersion = 10.0.40219.1
Project("{FAE04EC0-301F-11D3-BF4B-00C04F79EFBC}") = "MovieTracker.API", "MovieTracker.API\MovieTracker.API.csproj", "{CED3FBEF-3608-4E9D-A59A-77C8801DD590}"
EndProject
Project("{FAE04EC0-301F-11D3-BF4B-00C04F79EFBC}") = "MovieTracker.Data", "MovieTracker.Data\MovieTracker.Data.csproj", "{EC91BE8C-24F3-4167-899E-D2F6C3723C53}"
EndProject
Global
	GlobalSection(SolutionConfigurationPlatforms) = preSolution
		Debug|Any CPU = Debug|Any CPU
		Release|Any CPU = Release|Any CPU
	EndGlobalSection
	GlobalSection(ProjectConfigurationPlatforms) = postSolution
		{CED3FBEF-3608-4E9D-A59A-77C8801DD590}.Debug|Any CPU.ActiveCfg = Debug|Any CPU
		{CED3FBEF-3608-4E9D-A59A-77C8801DD590}.Debug|Any CPU.Build.0 = Debug|Any CPU
		{CED3FBEF-3608-4E9D-A59A-77C8801DD590}.Release|Any CPU.ActiveCfg = Release|Any CPU
		{CED3FBEF-3608-4E9D-A59A-77C8801DD590}.Release|Any CPU.Build.0 = Release|Any CPU
		{EC91BE8C-24F3-4167-899E-D2F6C3723C53}.Debug|Any CPU.ActiveCfg = Debug|Any CPU
		{EC91BE8C-24F3-4167-899E-D2F6C3723C53}.Debug|Any CPU.Build.0 = Debug|Any CPU
		{EC91BE8C-24F3-4167-899E-D2F6C3723C53}.Release|Any CPU.ActiveCfg = Release|Any CPU
		{EC91BE8C-24F3-4167-899E-D2F6C3723C53}.Release|Any CPU.Build.0 = Release|Any CPU
	EndGlobalSection
	GlobalSection(SolutionProperties) = preSolution
		HideSolutionNode = FALSE
	EndGlobalSection
EndGlobal
